<?xml version="1.0" encoding="utf-8"?>
<Project ToolsVersion="4.0" xmlns="http://schemas.microsoft.com/developer/msbuild/2003">
  <ItemGroup>
    <Filter Include="Resource Files">
      <UniqueIdentifier>{67DA6AB6-F800-4c08-8B7A-83BB121AAD01}</UniqueIdentifier>
      <Extensions>rc;ico;cur;bmp;dlg;rc2;rct;bin;rgs;gif;jpg;jpeg;jpe;resx;tiff;tif;png;wav</Extensions>
    </Filter>
  </ItemGroup>
  <ItemGroup>
    <None Include="packages.config" />
    <None Include="hdr\libGL\glm\core\func_common.inl" />
    <None Include="hdr\libGL\glm\core\func_exponential.inl" />
    <None Include="hdr\libGL\glm\core\func_geometric.inl" />
    <None Include="hdr\libGL\glm\core\func_integer.inl" />
    <None Include="hdr\libGL\glm\core\func_matrix.inl" />
    <None Include="hdr\libGL\glm\core\func_noise.inl" />
    <None Include="hdr\libGL\glm\core\func_packing.inl" />
    <None Include="hdr\libGL\glm\core\func_trigonometric.inl" />
    <None Include="hdr\libGL\glm\core\func_vector_relational.inl" />
    <None Include="hdr\libGL\glm\core\intrinsic_common.inl" />
    <None Include="hdr\libGL\glm\core\intrinsic_exponential.inl" />
    <None Include="hdr\libGL\glm\core\intrinsic_geometric.inl" />
    <None Include="hdr\libGL\glm\core\intrinsic_matrix.inl" />
    <None Include="hdr\libGL\glm\core\intrinsic_trigonometric.inl" />
    <None Include="hdr\libGL\glm\core\intrinsic_vector_relational.inl" />
    <None Include="hdr\libGL\glm\core\type_gentype.inl" />
    <None Include="hdr\libGL\glm\core\type_half.inl" />
    <None Include="hdr\libGL\glm\core\type_mat.inl" />
    <None Include="hdr\libGL\glm\core\type_mat2x2.inl" />
    <None Include="hdr\libGL\glm\core\type_mat2x3.inl" />
    <None Include="hdr\libGL\glm\core\type_mat2x4.inl" />
    <None Include="hdr\libGL\glm\core\type_mat3x2.inl" />
    <None Include="hdr\libGL\glm\core\type_mat3x3.inl" />
    <None Include="hdr\libGL\glm\core\type_mat3x4.inl" />
    <None Include="hdr\libGL\glm\core\type_mat4x2.inl" />
    <None Include="hdr\libGL\glm\core\type_mat4x3.inl" />
    <None Include="hdr\libGL\glm\core\type_mat4x4.inl" />
    <None Include="hdr\libGL\glm\core\type_vec.inl" />
    <None Include="hdr\libGL\glm\core\type_vec1.inl" />
    <None Include="hdr\libGL\glm\core\type_vec2.inl" />
    <None Include="hdr\libGL\glm\core\type_vec3.inl" />
    <None Include="hdr\libGL\glm\core\type_vec4.inl" />
    <None Include="hdr\libGL\glm\gtc\constants.inl" />
    <None Include="hdr\libGL\glm\gtc\epsilon.inl" />
    <None Include="hdr\libGL\glm\gtc\half_float.inl" />
    <None Include="hdr\libGL\glm\gtc\matrix_access.inl" />
    <None Include="hdr\libGL\glm\gtc\matrix_inverse.inl" />
    <None Include="hdr\libGL\glm\gtc\matrix_transform.inl" />
    <None Include="hdr\libGL\glm\gtc\noise.inl" />
    <None Include="hdr\libGL\glm\gtc\quaternion.inl" />
    <None Include="hdr\libGL\glm\gtc\random.inl" />
    <None Include="hdr\libGL\glm\gtc\reciprocal.inl" />
    <None Include="hdr\libGL\glm\gtc\swizzle.inl" />
    <None Include="hdr\libGL\glm\gtc\type_precision.inl" />
    <None Include="hdr\libGL\glm\gtc\type_ptr.inl" />
    <None Include="hdr\libGL\glm\gtc\ulp.inl" />
    <None Include="hdr\libGL\glm\gtx\associated_min_max.inl" />
    <None Include="hdr\libGL\glm\gtx\bit.inl" />
    <None Include="hdr\libGL\glm\gtx\closest_point.inl" />
    <None Include="hdr\libGL\glm\gtx\color_cast.inl" />
    <None Include="hdr\libGL\glm\gtx\color_space.inl" />
    <None Include="hdr\libGL\glm\gtx\color_space_YCoCg.inl" />
    <None Include="hdr\libGL\glm\gtx\compatibility.inl" />
    <None Include="hdr\libGL\glm\gtx\component_wise.inl" />
    <None Include="hdr\libGL\glm\gtx\euler_angles.inl" />
    <None Include="hdr\libGL\glm\gtx\extend.inl" />
    <None Include="hdr\libGL\glm\gtx\extented_min_max.inl" />
    <None Include="hdr\libGL\glm\gtx\fast_exponential.inl" />
    <None Include="hdr\libGL\glm\gtx\fast_square_root.inl" />
    <None Include="hdr\libGL\glm\gtx\fast_trigonometry.inl" />
    <None Include="hdr\libGL\glm\gtx\gradient_paint.inl" />
    <None Include="hdr\libGL\glm\gtx\handed_coordinate_space.inl" />
    <None Include="hdr\libGL\glm\gtx\inertia.inl" />
    <None Include="hdr\libGL\glm\gtx\int_10_10_10_2.inl" />
    <None Include="hdr\libGL\glm\gtx\integer.inl" />
    <None Include="hdr\libGL\glm\gtx\intersect.inl" />
    <None Include="hdr\libGL\glm\gtx\log_base.inl" />
    <None Include="hdr\libGL\glm\gtx\matrix_cross_product.inl" />
    <None Include="hdr\libGL\glm\gtx\matrix_interpolation.inl" />
    <None Include="hdr\libGL\glm\gtx\matrix_major_storage.inl" />
    <None Include="hdr\libGL\glm\gtx\matrix_operation.inl" />
    <None Include="hdr\libGL\glm\gtx\matrix_query.inl" />
    <None Include="hdr\libGL\glm\gtx\mixed_product.inl" />
    <None Include="hdr\libGL\glm\gtx\multiple.inl" />
    <None Include="hdr\libGL\glm\gtx\norm.inl" />
    <None Include="hdr\libGL\glm\gtx\normal.inl" />
    <None Include="hdr\libGL\glm\gtx\normalize_dot.inl" />
    <None Include="hdr\libGL\glm\gtx\number_precision.inl" />
    <None Include="hdr\libGL\glm\gtx\ocl_type.inl" />
    <None Include="hdr\libGL\glm\gtx\optimum_pow.inl" />
    <None Include="hdr\libGL\glm\gtx\orthonormalize.inl" />
    <None Include="hdr\libGL\glm\gtx\perpendicular.inl" />
    <None Include="hdr\libGL\glm\gtx\polar_coordinates.inl" />
    <None Include="hdr\libGL\glm\gtx\projection.inl" />
    <None Include="hdr\libGL\glm\gtx\quaternion.inl" />
    <None Include="hdr\libGL\glm\gtx\raw_data.inl" />
    <None Include="hdr\libGL\glm\gtx\rotate_vector.inl" />
    <None Include="hdr\libGL\glm\gtx\simd_mat4.inl" />
    <None Include="hdr\libGL\glm\gtx\simd_vec4.inl" />
    <None Include="hdr\libGL\glm\gtx\spline.inl" />
    <None Include="hdr\libGL\glm\gtx\std_based_type.inl" />
    <None Include="hdr\libGL\glm\gtx\string_cast.inl" />
    <None Include="hdr\libGL\glm\gtx\transform.inl" />
    <None Include="hdr\libGL\glm\gtx\transform2.inl" />
    <None Include="hdr\libGL\glm\gtx\unsigned_int.inl" />
    <None Include="hdr\libGL\glm\gtx\vec1.inl" />
    <None Include="hdr\libGL\glm\gtx\vector_access.inl" />
    <None Include="hdr\libGL\glm\gtx\vector_angle.inl" />
    <None Include="hdr\libGL\glm\gtx\vector_query.inl" />
    <None Include="hdr\libGL\glm\gtx\verbose_operator.inl" />
    <None Include="hdr\libGL\glm\gtx\wrap.inl" />
    <None Include="hdr\script\as_callfunc_arm_msvc.asm" />
    <None Include="hdr\script\as_callfunc_x64_msvc_asm.asm" />
  </ItemGroup>
  <ItemGroup>
    <Text Include="CMakeLists.txt" />
  </ItemGroup>
  <ItemGroup>
    <ClInclude Include="hdr\console\con_conScript.h" />
    <ClInclude Include="hdr\console\con_console.h" />
    <ClInclude Include="hdr\io\io_fileSystem.h" />
    <ClInclude Include="hdr\io\io_keyboard.h" />
    <ClInclude Include="hdr\io\io_logfile.h" />
    <ClInclude Include="hdr\libGL\chipmunk\chipmunk.h" />
    <ClInclude Include="hdr\libGL\chipmunk\chipmunk_ffi.h" />
    <ClInclude Include="hdr\libGL\chipmunk\chipmunk_private.h" />
    <ClInclude Include="hdr\libGL\chipmunk\chipmunk_structs.h" />
    <ClInclude Include="hdr\libGL\chipmunk\chipmunk_types.h" />
    <ClInclude Include="hdr\libGL\chipmunk\chipmunk_unsafe.h" />
    <ClInclude Include="hdr\libGL\chipmunk\cpArbiter.h" />
    <ClInclude Include="hdr\libGL\chipmunk\cpBB.h" />
    <ClInclude Include="hdr\libGL\chipmunk\cpBody.h" />
    <ClInclude Include="hdr\libGL\chipmunk\cpConstraint.h" />
    <ClInclude Include="hdr\libGL\chipmunk\cpDampedRotarySpring.h" />
    <ClInclude Include="hdr\libGL\chipmunk\cpDampedSpring.h" />
    <ClInclude Include="hdr\libGL\chipmunk\cpGearJoint.h" />
    <ClInclude Include="hdr\libGL\chipmunk\cpGrooveJoint.h" />
    <ClInclude Include="hdr\libGL\chipmunk\cpHastySpace.h" />
    <ClInclude Include="hdr\libGL\chipmunk\cpMarch.h" />
    <ClInclude Include="hdr\libGL\chipmunk\cpPinJoint.h" />
    <ClInclude Include="hdr\libGL\chipmunk\cpPivotJoint.h" />
    <ClInclude Include="hdr\libGL\chipmunk\cpPolyline.h" />
    <ClInclude Include="hdr\libGL\chipmunk\cpPolyShape.h" />
    <ClInclude Include="hdr\libGL\chipmunk\cpRatchetJoint.h" />
    <ClInclude Include="hdr\libGL\chipmunk\cpRobust.h" />
    <ClInclude Include="hdr\libGL\chipmunk\cpRotaryLimitJoint.h" />
    <ClInclude Include="hdr\libGL\chipmunk\cpShape.h" />
    <ClInclude Include="hdr\libGL\chipmunk\cpSimpleMotor.h" />
    <ClInclude Include="hdr\libGL\chipmunk\cpSlideJoint.h" />
    <ClInclude Include="hdr\libGL\chipmunk\cpSpace.h" />
    <ClInclude Include="hdr\libGL\chipmunk\cpSpatialIndex.h" />
    <ClInclude Include="hdr\libGL\chipmunk\cpTransform.h" />
    <ClInclude Include="hdr\libGL\chipmunk\cpVect.h" />
    <ClInclude Include="hdr\libGL\freetype-gl\distance-field.h" />
    <ClInclude Include="hdr\libGL\freetype-gl\edtaa3func.h" />
    <ClInclude Include="hdr\libGL\freetype-gl\font-manager.h" />
    <ClInclude Include="hdr\libGL\freetype-gl\freetype-gl.h" />
    <ClInclude Include="hdr\libGL\freetype-gl\markup.h" />
    <ClInclude Include="hdr\libGL\freetype-gl\platform.h" />
    <ClInclude Include="hdr\libGL\freetype-gl\text-buffer.h" />
    <ClInclude Include="hdr\libGL\freetype-gl\texture-atlas.h" />
    <ClInclude Include="hdr\libGL\freetype-gl\texture-font.h" />
    <ClInclude Include="hdr\libGL\freetype-gl\utf8-utils.h" />
    <ClInclude Include="hdr\libGL\freetype-gl\vec234.h" />
    <ClInclude Include="hdr\libGL\freetype-gl\vector.h" />
    <ClInclude Include="hdr\libGL\freetype-gl\vera-16.h" />
    <ClInclude Include="hdr\libGL\freetype-gl\vertex-attribute.h" />
    <ClInclude Include="hdr\libGL\freetype-gl\vertex-buffer.h" />
    <ClInclude Include="hdr\libGL\glad\glad.h" />
    <ClInclude Include="hdr\libGL\glm\core\_detail.hpp" />
    <ClInclude Include="hdr\libGL\glm\core\_fixes.hpp" />
    <ClInclude Include="hdr\libGL\glm\core\_swizzle.hpp" />
    <ClInclude Include="hdr\libGL\glm\core\_swizzle_func.hpp" />
    <ClInclude Include="hdr\libGL\glm\core\_vectorize.hpp" />
    <ClInclude Include="hdr\libGL\glm\core\func_common.hpp" />
    <ClInclude Include="hdr\libGL\glm\core\func_exponential.hpp" />
    <ClInclude Include="hdr\libGL\glm\core\func_geometric.hpp" />
    <ClInclude Include="hdr\libGL\glm\core\func_integer.hpp" />
    <ClInclude Include="hdr\libGL\glm\core\func_matrix.hpp" />
    <ClInclude Include="hdr\libGL\glm\core\func_noise.hpp" />
    <ClInclude Include="hdr\libGL\glm\core\func_packing.hpp" />
    <ClInclude Include="hdr\libGL\glm\core\func_trigonometric.hpp" />
    <ClInclude Include="hdr\libGL\glm\core\func_vector_relational.hpp" />
    <ClInclude Include="hdr\libGL\glm\core\hint.hpp" />
    <ClInclude Include="hdr\libGL\glm\core\intrinsic_common.hpp" />
    <ClInclude Include="hdr\libGL\glm\core\intrinsic_exponential.hpp" />
    <ClInclude Include="hdr\libGL\glm\core\intrinsic_geometric.hpp" />
    <ClInclude Include="hdr\libGL\glm\core\intrinsic_matrix.hpp" />
    <ClInclude Include="hdr\libGL\glm\core\intrinsic_trigonometric.hpp" />
    <ClInclude Include="hdr\libGL\glm\core\intrinsic_vector_relational.hpp" />
    <ClInclude Include="hdr\libGL\glm\core\setup.hpp" />
    <ClInclude Include="hdr\libGL\glm\core\type.hpp" />
    <ClInclude Include="hdr\libGL\glm\core\type_float.hpp" />
    <ClInclude Include="hdr\libGL\glm\core\type_gentype.hpp" />
    <ClInclude Include="hdr\libGL\glm\core\type_half.hpp" />
    <ClInclude Include="hdr\libGL\glm\core\type_int.hpp" />
    <ClInclude Include="hdr\libGL\glm\core\type_mat.hpp" />
    <ClInclude Include="hdr\libGL\glm\core\type_mat2x2.hpp" />
    <ClInclude Include="hdr\libGL\glm\core\type_mat2x3.hpp" />
    <ClInclude Include="hdr\libGL\glm\core\type_mat2x4.hpp" />
    <ClInclude Include="hdr\libGL\glm\core\type_mat3x2.hpp" />
    <ClInclude Include="hdr\libGL\glm\core\type_mat3x3.hpp" />
    <ClInclude Include="hdr\libGL\glm\core\type_mat3x4.hpp" />
    <ClInclude Include="hdr\libGL\glm\core\type_mat4x2.hpp" />
    <ClInclude Include="hdr\libGL\glm\core\type_mat4x3.hpp" />
    <ClInclude Include="hdr\libGL\glm\core\type_mat4x4.hpp" />
    <ClInclude Include="hdr\libGL\glm\core\type_size.hpp" />
    <ClInclude Include="hdr\libGL\glm\core\type_vec.hpp" />
    <ClInclude Include="hdr\libGL\glm\core\type_vec1.hpp" />
    <ClInclude Include="hdr\libGL\glm\core\type_vec2.hpp" />
    <ClInclude Include="hdr\libGL\glm\core\type_vec3.hpp" />
    <ClInclude Include="hdr\libGL\glm\core\type_vec4.hpp" />
    <ClInclude Include="hdr\libGL\glm\gtc\constants.hpp" />
    <ClInclude Include="hdr\libGL\glm\gtc\epsilon.hpp" />
    <ClInclude Include="hdr\libGL\glm\gtc\half_float.hpp" />
    <ClInclude Include="hdr\libGL\glm\gtc\matrix_access.hpp" />
    <ClInclude Include="hdr\libGL\glm\gtc\matrix_integer.hpp" />
    <ClInclude Include="hdr\libGL\glm\gtc\matrix_inverse.hpp" />
    <ClInclude Include="hdr\libGL\glm\gtc\matrix_transform.hpp" />
    <ClInclude Include="hdr\libGL\glm\gtc\noise.hpp" />
    <ClInclude Include="hdr\libGL\glm\gtc\quaternion.hpp" />
    <ClInclude Include="hdr\libGL\glm\gtc\random.hpp" />
    <ClInclude Include="hdr\libGL\glm\gtc\reciprocal.hpp" />
    <ClInclude Include="hdr\libGL\glm\gtc\swizzle.hpp" />
    <ClInclude Include="hdr\libGL\glm\gtc\type_precision.hpp" />
    <ClInclude Include="hdr\libGL\glm\gtc\type_ptr.hpp" />
    <ClInclude Include="hdr\libGL\glm\gtc\ulp.hpp" />
    <ClInclude Include="hdr\libGL\glm\gtx\associated_min_max.hpp" />
    <ClInclude Include="hdr\libGL\glm\gtx\bit.hpp" />
    <ClInclude Include="hdr\libGL\glm\gtx\closest_point.hpp" />
    <ClInclude Include="hdr\libGL\glm\gtx\color_cast.hpp" />
    <ClInclude Include="hdr\libGL\glm\gtx\color_space.hpp" />
    <ClInclude Include="hdr\libGL\glm\gtx\color_space_YCoCg.hpp" />
    <ClInclude Include="hdr\libGL\glm\gtx\compatibility.hpp" />
    <ClInclude Include="hdr\libGL\glm\gtx\component_wise.hpp" />
    <ClInclude Include="hdr\libGL\glm\gtx\constants.hpp" />
    <ClInclude Include="hdr\libGL\glm\gtx\epsilon.hpp" />
    <ClInclude Include="hdr\libGL\glm\gtx\euler_angles.hpp" />
    <ClInclude Include="hdr\libGL\glm\gtx\extend.hpp" />
    <ClInclude Include="hdr\libGL\glm\gtx\extented_min_max.hpp" />
    <ClInclude Include="hdr\libGL\glm\gtx\fast_exponential.hpp" />
    <ClInclude Include="hdr\libGL\glm\gtx\fast_square_root.hpp" />
    <ClInclude Include="hdr\libGL\glm\gtx\fast_trigonometry.hpp" />
    <ClInclude Include="hdr\libGL\glm\gtx\gradient_paint.hpp" />
    <ClInclude Include="hdr\libGL\glm\gtx\handed_coordinate_space.hpp" />
    <ClInclude Include="hdr\libGL\glm\gtx\inertia.hpp" />
    <ClInclude Include="hdr\libGL\glm\gtx\int_10_10_10_2.hpp" />
    <ClInclude Include="hdr\libGL\glm\gtx\integer.hpp" />
    <ClInclude Include="hdr\libGL\glm\gtx\intersect.hpp" />
    <ClInclude Include="hdr\libGL\glm\gtx\log_base.hpp" />
    <ClInclude Include="hdr\libGL\glm\gtx\matrix_cross_product.hpp" />
    <ClInclude Include="hdr\libGL\glm\gtx\matrix_interpolation.hpp" />
    <ClInclude Include="hdr\libGL\glm\gtx\matrix_major_storage.hpp" />
    <ClInclude Include="hdr\libGL\glm\gtx\matrix_operation.hpp" />
    <ClInclude Include="hdr\libGL\glm\gtx\matrix_query.hpp" />
    <ClInclude Include="hdr\libGL\glm\gtx\mixed_product.hpp" />
    <ClInclude Include="hdr\libGL\glm\gtx\multiple.hpp" />
    <ClInclude Include="hdr\libGL\glm\gtx\noise.hpp" />
    <ClInclude Include="hdr\libGL\glm\gtx\norm.hpp" />
    <ClInclude Include="hdr\libGL\glm\gtx\normal.hpp" />
    <ClInclude Include="hdr\libGL\glm\gtx\normalize_dot.hpp" />
    <ClInclude Include="hdr\libGL\glm\gtx\number_precision.hpp" />
    <ClInclude Include="hdr\libGL\glm\gtx\ocl_type.hpp" />
    <ClInclude Include="hdr\libGL\glm\gtx\optimum_pow.hpp" />
    <ClInclude Include="hdr\libGL\glm\gtx\orthonormalize.hpp" />
    <ClInclude Include="hdr\libGL\glm\gtx\perpendicular.hpp" />
    <ClInclude Include="hdr\libGL\glm\gtx\polar_coordinates.hpp" />
    <ClInclude Include="hdr\libGL\glm\gtx\projection.hpp" />
    <ClInclude Include="hdr\libGL\glm\gtx\quaternion.hpp" />
    <ClInclude Include="hdr\libGL\glm\gtx\random.hpp" />
    <ClInclude Include="hdr\libGL\glm\gtx\raw_data.hpp" />
    <ClInclude Include="hdr\libGL\glm\gtx\reciprocal.hpp" />
    <ClInclude Include="hdr\libGL\glm\gtx\rotate_vector.hpp" />
    <ClInclude Include="hdr\libGL\glm\gtx\simd_mat4.hpp" />
    <ClInclude Include="hdr\libGL\glm\gtx\simd_vec4.hpp" />
    <ClInclude Include="hdr\libGL\glm\gtx\spline.hpp" />
    <ClInclude Include="hdr\libGL\glm\gtx\std_based_type.hpp" />
    <ClInclude Include="hdr\libGL\glm\gtx\string_cast.hpp" />
    <ClInclude Include="hdr\libGL\glm\gtx\transform.hpp" />
    <ClInclude Include="hdr\libGL\glm\gtx\transform2.hpp" />
    <ClInclude Include="hdr\libGL\glm\gtx\ulp.hpp" />
    <ClInclude Include="hdr\libGL\glm\gtx\unsigned_int.hpp" />
    <ClInclude Include="hdr\libGL\glm\gtx\vec1.hpp" />
    <ClInclude Include="hdr\libGL\glm\gtx\vector_access.hpp" />
    <ClInclude Include="hdr\libGL\glm\gtx\vector_angle.hpp" />
    <ClInclude Include="hdr\libGL\glm\gtx\vector_query.hpp" />
    <ClInclude Include="hdr\libGL\glm\gtx\verbose_operator.hpp" />
    <ClInclude Include="hdr\libGL\glm\gtx\wrap.hpp" />
    <ClInclude Include="hdr\libGL\glm\virtrev\xstream.hpp" />
    <ClInclude Include="hdr\libGL\glm\ext.hpp" />
    <ClInclude Include="hdr\libGL\glm\glm.hpp" />
    <ClInclude Include="hdr\libGL\gl_window.h" />
    <ClInclude Include="hdr\opengl\gl_opengl.h" />
    <ClInclude Include="hdr\opengl\gl_openGLWrap.h" />
    <ClInclude Include="hdr\physfs\physfs.h" />
    <ClInclude Include="hdr\physfs\physfs_casefolding.h" />
    <ClInclude Include="hdr\physfs\physfs_internal.h" />
    <ClInclude Include="hdr\physfs\physfs_lzmasdk.h" />
    <ClInclude Include="hdr\physfs\physfs_miniz.h" />
    <ClInclude Include="hdr\physfs\physfs_platforms.h" />
    <ClInclude Include="hdr\script\angelscript.h" />
    <ClInclude Include="hdr\script\as_array.h" />
    <ClInclude Include="hdr\script\as_atomic.h" />
    <ClInclude Include="hdr\script\as_builder.h" />
    <ClInclude Include="hdr\script\as_bytecode.h" />
    <ClInclude Include="hdr\script\as_callfunc.h" />
    <ClInclude Include="hdr\script\as_compiler.h" />
    <ClInclude Include="hdr\script\as_config.h" />
    <ClInclude Include="hdr\script\as_configgroup.h" />
    <ClInclude Include="hdr\script\as_context.h" />
    <ClInclude Include="hdr\script\as_criticalsection.h" />
    <ClInclude Include="hdr\script\as_datatype.h" />
    <ClInclude Include="hdr\script\as_debug.h" />
    <ClInclude Include="hdr\script\as_gc.h" />
    <ClInclude Include="hdr\script\as_generic.h" />
    <ClInclude Include="hdr\script\as_map.h" />
    <ClInclude Include="hdr\script\as_memory.h" />
    <ClInclude Include="hdr\script\as_module.h" />
    <ClInclude Include="hdr\script\as_namespace.h" />
    <ClInclude Include="hdr\script\as_objecttype.h" />
    <ClInclude Include="hdr\script\as_outputbuffer.h" />
    <ClInclude Include="hdr\script\as_parser.h" />
    <ClInclude Include="hdr\script\as_property.h" />
    <ClInclude Include="hdr\script\as_restore.h" />
    <ClInclude Include="hdr\script\as_scriptarray.h" />
    <ClInclude Include="hdr\script\as_scriptbuilder.h" />
    <ClInclude Include="hdr\script\as_scriptcode.h" />
    <ClInclude Include="hdr\script\as_scriptengine.h" />
    <ClInclude Include="hdr\script\as_scriptfunction.h" />
    <ClInclude Include="hdr\script\as_scriptnode.h" />
    <ClInclude Include="hdr\script\as_scriptobject.h" />
    <ClInclude Include="hdr\script\as_string.h" />
    <ClInclude Include="hdr\script\as_string_util.h" />
    <ClInclude Include="hdr\script\as_symboltable.h" />
    <ClInclude Include="hdr\script\as_texts.h" />
    <ClInclude Include="hdr\script\as_thread.h" />
    <ClInclude Include="hdr\script\as_tokendef.h" />
    <ClInclude Include="hdr\script\as_tokenizer.h" />
    <ClInclude Include="hdr\script\as_typeinfo.h" />
    <ClInclude Include="hdr\script\as_variablescope.h" />
    <ClInclude Include="hdr\script\scriptstdstring.h" />
    <ClInclude Include="hdr\system\sys_audio.h" />
    <ClInclude Include="hdr\system\sys_defines.h" />
    <ClInclude Include="hdr\system\sys_embedFont.h" />
    <ClInclude Include="hdr\system\sys_events.h" />
    <ClInclude Include="hdr\system\sys_main.h" />
    <ClInclude Include="hdr\system\sys_shutdown.h" />
    <ClInclude Include="hdr\system\sys_startup.h" />
    <ClInclude Include="src\libGL\chipmunk\prime.h" />
    <ClInclude Include="hdr\libGL\KHR\khrplatform.h" />
    <ClInclude Include="hdr\libGL\freetype-gl\opengl.h" />
    <ClInclude Include="hdr\system\sys_timing.h" />
    <ClInclude Include="hdr\io\io_textures.h" />
    <ClInclude Include="hdr\libGL\soil\image_DXT.h" />
    <ClInclude Include="hdr\libGL\soil\image_helper.h" />
    <ClInclude Include="hdr\libGL\soil\soil.h" />
    <ClInclude Include="hdr\libGL\soil\stbi_DDS_aug.h" />
    <ClInclude Include="hdr\libGL\soil\stbi_DDS_aug_c.h" />
    <ClInclude Include="hdr\libGL\soil\stb_image_aug.h" />
    <ClInclude Include="hdr\opengl\gl_shaders.h" />
    <ClInclude Include="hdr\system\sys_leakDetector.h" />
    <ClInclude Include="hdr\game\gam_doors.h" />
    <ClInclude Include="hdr\game\gam_droidAIPatrol.h" />
    <ClInclude Include="hdr\game\gam_droidNetwork.h" />
    <ClInclude Include="hdr\game\gam_droids.h" />
    <ClInclude Include="hdr\game\gam_events.h" />
    <ClInclude Include="hdr\game\gam_eventsClient.h" />
    <ClInclude Include="hdr\game\gam_eventsServer.h" />
    <ClInclude Include="hdr\game\gam_game.h" />
    <ClInclude Include="hdr\game\gam_healing.h" />
    <ClInclude Include="hdr\game\gam_hud.h" />
    <ClInclude Include="hdr\game\gam_levels.h" />
    <ClInclude Include="hdr\game\gam_lifts.h" />
    <ClInclude Include="hdr\game\gam_lightCaster.h" />
    <ClInclude Include="hdr\game\gam_physics.h" />
    <ClInclude Include="hdr\game\gam_physicsCollisions.h" />
    <ClInclude Include="hdr\game\gam_physicsPlayer.h" />
    <ClInclude Include="hdr\game\gam_player.h" />
    <ClInclude Include="hdr\game\gam_render.h" />
    <ClInclude Include="hdr\game\gam_renderDebug.h" />
    <ClInclude Include="hdr\gui\gui_button.h" />
    <ClInclude Include="hdr\gui\gui_checkBox.h" />
    <ClInclude Include="hdr\gui\gui_label.h" />
    <ClInclude Include="hdr\gui\gui_language.h" />
    <ClInclude Include="hdr\gui\gui_main.h" />
    <ClInclude Include="hdr\gui\gui_render.h" />
    <ClInclude Include="hdr\gui\gui_textBox.h" />
    <ClInclude Include="hdr\gui\SDL_ttf.h" />
    <ClInclude Include="hdr\io\minilzo\lzoconf.h" />
    <ClInclude Include="hdr\io\minilzo\lzodefs.h" />
    <ClInclude Include="hdr\io\minilzo\minilzo.h" />
    <ClInclude Include="hdr\io\simpleIni\io_convertUTF.h" />
    <ClInclude Include="hdr\io\simpleIni\io_simpleIni.h" />
    <ClInclude Include="hdr\io\io_gameprefs.h" />
    <ClInclude Include="hdr\io\io_mouse.h" />
    <ClInclude Include="hdr\libGL\freetype-gl\digitalFont.h" />
    <ClInclude Include="hdr\libGL\sdl2_gfx\SDL2_framerate.h" />
    <ClInclude Include="hdr\libGL\sdl2_gfx\SDL2_gfxPrimitives.h" />
    <ClInclude Include="hdr\libGL\sdl2_gfx\SDL2_gfxPrimitives_font.h" />
    <ClInclude Include="hdr\libGL\sdl2_gfx\SDL2_imageFilter.h" />
    <ClInclude Include="hdr\libGL\sdl2_gfx\SDL2_rotozoom.h" />
    <ClInclude Include="hdr\network\raknet\_FindFirst.h" />
    <ClInclude Include="hdr\network\raknet\AutopatcherPatchContext.h" />
    <ClInclude Include="hdr\network\raknet\AutopatcherRepositoryInterface.h" />
    <ClInclude Include="hdr\network\raknet\Base64Encoder.h" />
    <ClInclude Include="hdr\network\raknet\BitStream.h" />
    <ClInclude Include="hdr\network\raknet\CCRakNetSlidingWindow.h" />
    <ClInclude Include="hdr\network\raknet\CCRakNetUDT.h" />
    <ClInclude Include="hdr\network\raknet\CheckSum.h" />
    <ClInclude Include="hdr\network\raknet\CloudClient.h" />
    <ClInclude Include="hdr\network\raknet\CloudCommon.h" />
    <ClInclude Include="hdr\network\raknet\CloudServer.h" />
    <ClInclude Include="hdr\network\raknet\CommandParserInterface.h" />
    <ClInclude Include="hdr\network\raknet\ConnectionGraph2.h" />
    <ClInclude Include="hdr\network\raknet\ConsoleServer.h" />
    <ClInclude Include="hdr\network\raknet\DataCompressor.h" />
    <ClInclude Include="hdr\network\raknet\DirectoryDeltaTransfer.h" />
    <ClInclude Include="hdr\network\raknet\DR_SHA1.h" />
    <ClInclude Include="hdr\network\raknet\DS_BinarySearchTree.h" />
    <ClInclude Include="hdr\network\raknet\DS_BPlusTree.h" />
    <ClInclude Include="hdr\network\raknet\DS_BytePool.h" />
    <ClInclude Include="hdr\network\raknet\DS_ByteQueue.h" />
    <ClInclude Include="hdr\network\raknet\DS_Hash.h" />
    <ClInclude Include="hdr\network\raknet\DS_Heap.h" />
    <ClInclude Include="hdr\network\raknet\DS_HuffmanEncodingTree.h" />
    <ClInclude Include="hdr\network\raknet\DS_HuffmanEncodingTreeFactory.h" />
    <ClInclude Include="hdr\network\raknet\DS_HuffmanEncodingTreeNode.h" />
    <ClInclude Include="hdr\network\raknet\DS_LinkedList.h" />
    <ClInclude Include="hdr\network\raknet\DS_List.h" />
    <ClInclude Include="hdr\network\raknet\DS_Map.h" />
    <ClInclude Include="hdr\network\raknet\DS_MemoryPool.h" />
    <ClInclude Include="hdr\network\raknet\DS_Multilist.h" />
    <ClInclude Include="hdr\network\raknet\DS_OrderedChannelHeap.h" />
    <ClInclude Include="hdr\network\raknet\DS_OrderedList.h" />
    <ClInclude Include="hdr\network\raknet\DS_Queue.h" />
    <ClInclude Include="hdr\network\raknet\DS_QueueLinkedList.h" />
    <ClInclude Include="hdr\network\raknet\DS_RangeList.h" />
    <ClInclude Include="hdr\network\raknet\DS_Table.h" />
    <ClInclude Include="hdr\network\raknet\DS_ThreadsafeAllocatingQueue.h" />
    <ClInclude Include="hdr\network\raknet\DS_Tree.h" />
    <ClInclude Include="hdr\network\raknet\DS_WeightedGraph.h" />
    <ClInclude Include="hdr\network\raknet\DynDNS.h" />
    <ClInclude Include="hdr\network\raknet\EmailSender.h" />
    <ClInclude Include="hdr\network\raknet\EmptyHeader.h" />
    <ClInclude Include="hdr\network\raknet\EpochTimeToString.h" />
    <ClInclude Include="hdr\network\raknet\Export.h" />
    <ClInclude Include="hdr\network\raknet\FileList.h" />
    <ClInclude Include="hdr\network\raknet\FileListNodeContext.h" />
    <ClInclude Include="hdr\network\raknet\FileListTransfer.h" />
    <ClInclude Include="hdr\network\raknet\FileListTransferCBInterface.h" />
    <ClInclude Include="hdr\network\raknet\FileOperations.h" />
    <ClInclude Include="hdr\network\raknet\FormatString.h" />
    <ClInclude Include="hdr\network\raknet\FullyConnectedMesh2.h" />
    <ClInclude Include="hdr\network\raknet\Getche.h" />
    <ClInclude Include="hdr\network\raknet\Gets.h" />
    <ClInclude Include="hdr\network\raknet\GetTime.h" />
    <ClInclude Include="hdr\network\raknet\gettimeofday.h" />
    <ClInclude Include="hdr\network\raknet\GridSectorizer.h" />
    <ClInclude Include="hdr\network\raknet\HTTPConnection.h" />
    <ClInclude Include="hdr\network\raknet\HTTPConnection2.h" />
    <ClInclude Include="hdr\network\raknet\IncrementalReadInterface.h" />
    <ClInclude Include="hdr\network\raknet\InternalPacket.h" />
    <ClInclude Include="hdr\network\raknet\Itoa.h" />
    <ClInclude Include="hdr\network\raknet\Kbhit.h" />
    <ClInclude Include="hdr\network\raknet\LinuxStrings.h" />
    <ClInclude Include="hdr\network\raknet\LocklessTypes.h" />
    <ClInclude Include="hdr\network\raknet\LogCommandParser.h" />
    <ClInclude Include="hdr\network\raknet\MessageFilter.h" />
    <ClInclude Include="hdr\network\raknet\MessageIdentifiers.h" />
    <ClInclude Include="hdr\network\raknet\MTUSize.h" />
    <ClInclude Include="hdr\network\raknet\NativeFeatureIncludes.h" />
    <ClInclude Include="hdr\network\raknet\NativeFeatureIncludesOverrides.h" />
    <ClInclude Include="hdr\network\raknet\NativeTypes.h" />
    <ClInclude Include="hdr\network\raknet\NatPunchthroughClient.h" />
    <ClInclude Include="hdr\network\raknet\NatPunchthroughServer.h" />
    <ClInclude Include="hdr\network\raknet\NatTypeDetectionClient.h" />
    <ClInclude Include="hdr\network\raknet\NatTypeDetectionCommon.h" />
    <ClInclude Include="hdr\network\raknet\NatTypeDetectionServer.h" />
    <ClInclude Include="hdr\network\raknet\NetworkIDManager.h" />
    <ClInclude Include="hdr\network\raknet\NetworkIDObject.h" />
    <ClInclude Include="hdr\network\raknet\PacketConsoleLogger.h" />
    <ClInclude Include="hdr\network\raknet\PacketFileLogger.h" />
    <ClInclude Include="hdr\network\raknet\PacketizedTCP.h" />
    <ClInclude Include="hdr\network\raknet\PacketLogger.h" />
    <ClInclude Include="hdr\network\raknet\PacketOutputWindowLogger.h" />
    <ClInclude Include="hdr\network\raknet\PacketPool.h" />
    <ClInclude Include="hdr\network\raknet\PacketPriority.h" />
    <ClInclude Include="hdr\network\raknet\PluginInterface2.h" />
    <ClInclude Include="hdr\network\raknet\PS3Includes.h" />
    <ClInclude Include="hdr\network\raknet\PS4Includes.h" />
    <ClInclude Include="hdr\network\raknet\Rackspace.h" />
    <ClInclude Include="hdr\network\raknet\RakAlloca.h" />
    <ClInclude Include="hdr\network\raknet\RakAssert.h" />
    <ClInclude Include="hdr\network\raknet\RakMemoryOverride.h" />
    <ClInclude Include="hdr\network\raknet\RakNetCommandParser.h" />
    <ClInclude Include="hdr\network\raknet\RakNetDefines.h" />
    <ClInclude Include="hdr\network\raknet\RakNetDefinesOverrides.h" />
    <ClInclude Include="hdr\network\raknet\RakNetSmartPtr.h" />
    <ClInclude Include="hdr\network\raknet\RakNetSocket.h" />
    <ClInclude Include="hdr\network\raknet\RakNetSocket2.h" />
    <ClInclude Include="hdr\network\raknet\RakNetStatistics.h" />
    <ClInclude Include="hdr\network\raknet\RakNetTime.h" />
    <ClInclude Include="hdr\network\raknet\RakNetTransport2.h" />
    <ClInclude Include="hdr\network\raknet\RakNetTypes.h" />
    <ClInclude Include="hdr\network\raknet\RakNetVersion.h" />
    <ClInclude Include="hdr\network\raknet\RakPeer.h" />
    <ClInclude Include="hdr\network\raknet\RakPeerInterface.h" />
    <ClInclude Include="hdr\network\raknet\RakSleep.h" />
    <ClInclude Include="hdr\network\raknet\RakString.h" />
    <ClInclude Include="hdr\network\raknet\RakThread.h" />
    <ClInclude Include="hdr\network\raknet\RakWString.h" />
    <ClInclude Include="hdr\network\raknet\Rand.h" />
    <ClInclude Include="hdr\network\raknet\RandSync.h" />
    <ClInclude Include="hdr\network\raknet\ReadyEvent.h" />
    <ClInclude Include="hdr\network\raknet\RefCountedObj.h" />
    <ClInclude Include="hdr\network\raknet\RelayPlugin.h" />
    <ClInclude Include="hdr\network\raknet\ReliabilityLayer.h" />
    <ClInclude Include="hdr\network\raknet\ReplicaEnums.h" />
    <ClInclude Include="hdr\network\raknet\ReplicaManager3.h" />
    <ClInclude Include="hdr\network\raknet\Router2.h" />
    <ClInclude Include="hdr\network\raknet\RPC4Plugin.h" />
    <ClInclude Include="hdr\network\raknet\SecureHandshake.h" />
    <ClInclude Include="hdr\network\raknet\SendToThread.h" />
    <ClInclude Include="hdr\network\raknet\SignaledEvent.h" />
    <ClInclude Include="hdr\network\raknet\SimpleMutex.h" />
    <ClInclude Include="hdr\network\raknet\SimpleTCPServer.h" />
    <ClInclude Include="hdr\network\raknet\SingleProducerConsumer.h" />
    <ClInclude Include="hdr\network\raknet\SocketDefines.h" />
    <ClInclude Include="hdr\network\raknet\SocketIncludes.h" />
    <ClInclude Include="hdr\network\raknet\SocketLayer.h" />
    <ClInclude Include="hdr\network\raknet\StatisticsHistory.h" />
    <ClInclude Include="hdr\network\raknet\StringCompressor.h" />
    <ClInclude Include="hdr\network\raknet\StringTable.h" />
    <ClInclude Include="hdr\network\raknet\SuperFastHash.h" />
    <ClInclude Include="hdr\network\raknet\TableSerializer.h" />
    <ClInclude Include="hdr\network\raknet\TCPInterface.h" />
    <ClInclude Include="hdr\network\raknet\TeamBalancer.h" />
    <ClInclude Include="hdr\network\raknet\TeamManager.h" />
    <ClInclude Include="hdr\network\raknet\TelnetTransport.h" />
    <ClInclude Include="hdr\network\raknet\ThreadPool.h" />
    <ClInclude Include="hdr\network\raknet\ThreadsafePacketLogger.h" />
    <ClInclude Include="hdr\network\raknet\TransportInterface.h" />
    <ClInclude Include="hdr\network\raknet\TwoWayAuthentication.h" />
    <ClInclude Include="hdr\network\raknet\UDPForwarder.h" />
    <ClInclude Include="hdr\network\raknet\UDPProxyClient.h" />
    <ClInclude Include="hdr\network\raknet\UDPProxyCommon.h" />
    <ClInclude Include="hdr\network\raknet\UDPProxyCoordinator.h" />
    <ClInclude Include="hdr\network\raknet\UDPProxyServer.h" />
    <ClInclude Include="hdr\network\raknet\VariableDeltaSerializer.h" />
    <ClInclude Include="hdr\network\raknet\VariableListDeltaTracker.h" />
    <ClInclude Include="hdr\network\raknet\VariadicSQLParser.h" />
    <ClInclude Include="hdr\network\raknet\VitaIncludes.h" />
    <ClInclude Include="hdr\network\raknet\WindowsIncludes.h" />
    <ClInclude Include="hdr\network\raknet\WSAStartupSingleton.h" />
    <ClInclude Include="hdr\network\raknet\XBox360Includes.h" />
    <ClInclude Include="hdr\network\net_client.h" />
    <ClInclude Include="hdr\network\net_common.h" />
    <ClInclude Include="hdr\network\net_server.h" />
    <ClInclude Include="hdr\opengl\gl_fbo.h" />
    <ClInclude Include="hdr\opengl\gl_renderSprite.h" />
    <ClInclude Include="hdr\system\sys_maths.h" />
    <ClInclude Include="hdr\system\sys_sdfFont.h" />
    <ClInclude Include="hdr\system\sys_utils.h" />
    <ClInclude Include="hdr\game\gam_gameEvents.h" />
    <ClInclude Include="hdr\game\gam_gamePhysics.h" />
    <ClInclude Include="hdr\game\gam_shadows.h" />
  </ItemGroup>
  <ItemGroup>
    <ClCompile Include="src\console\con_comHelp.cpp" />
    <ClCompile Include="src\console\con_conScript.cpp" />
    <ClCompile Include="src\console\con_console.cpp" />
    <ClCompile Include="src\console\con_openGLInfo.cpp" />
    <ClCompile Include="src\console\con_quit.cpp" />
    <ClCompile Include="src\console\con_variables.cpp" />
    <ClCompile Include="src\io\io_fileSystem.cpp" />
    <ClCompile Include="src\io\io_keyboard.cpp" />
    <ClCompile Include="src\io\io_logfile.cpp" />
    <ClCompile Include="src\libGL\chipmunk\chipmunk.c" />
    <ClCompile Include="src\libGL\chipmunk\cpArbiter.c" />
    <ClCompile Include="src\libGL\chipmunk\cpArray.c" />
    <ClCompile Include="src\libGL\chipmunk\cpBBTree.c" />
    <ClCompile Include="src\libGL\chipmunk\cpBody.c" />
    <ClCompile Include="src\libGL\chipmunk\cpCollision.c" />
    <ClCompile Include="src\libGL\chipmunk\cpConstraint.c" />
    <ClCompile Include="src\libGL\chipmunk\cpDampedRotarySpring.c" />
    <ClCompile Include="src\libGL\chipmunk\cpDampedSpring.c" />
    <ClCompile Include="src\libGL\chipmunk\cpGearJoint.c" />
    <ClCompile Include="src\libGL\chipmunk\cpGrooveJoint.c" />
    <ClCompile Include="src\libGL\chipmunk\cpHashSet.c" />
    <ClCompile Include="src\libGL\chipmunk\cpHastySpace.c" />
    <ClCompile Include="src\libGL\chipmunk\cpMarch.c" />
    <ClCompile Include="src\libGL\chipmunk\cpPinJoint.c" />
    <ClCompile Include="src\libGL\chipmunk\cpPivotJoint.c" />
    <ClCompile Include="src\libGL\chipmunk\cpPolyline.c" />
    <ClCompile Include="src\libGL\chipmunk\cpPolyShape.c" />
    <ClCompile Include="src\libGL\chipmunk\cpRatchetJoint.c" />
    <ClCompile Include="src\libGL\chipmunk\cpRobust.c" />
    <ClCompile Include="src\libGL\chipmunk\cpRotaryLimitJoint.c" />
    <ClCompile Include="src\libGL\chipmunk\cpShape.c" />
    <ClCompile Include="src\libGL\chipmunk\cpSimpleMotor.c" />
    <ClCompile Include="src\libGL\chipmunk\cpSlideJoint.c" />
    <ClCompile Include="src\libGL\chipmunk\cpSpace.c" />
    <ClCompile Include="src\libGL\chipmunk\cpSpaceComponent.c" />
    <ClCompile Include="src\libGL\chipmunk\cpSpaceDebug.c" />
    <ClCompile Include="src\libGL\chipmunk\cpSpaceHash.c" />
    <ClCompile Include="src\libGL\chipmunk\cpSpaceQuery.c" />
    <ClCompile Include="src\libGL\chipmunk\cpSpaceStep.c" />
    <ClCompile Include="src\libGL\chipmunk\cpSpatialIndex.c" />
    <ClCompile Include="src\libGL\chipmunk\cpSweep1D.c" />
    <ClCompile Include="src\libGL\freetype-gl\distance-field.c" />
    <ClCompile Include="src\libGL\freetype-gl\edtaa3func.c" />
    <ClCompile Include="src\libGL\freetype-gl\font-manager.c" />
    <ClCompile Include="src\libGL\freetype-gl\platform.c" />
    <ClCompile Include="src\libGL\freetype-gl\text-buffer.c" />
    <ClCompile Include="src\libGL\freetype-gl\texture-atlas.c" />
    <ClCompile Include="src\libGL\freetype-gl\texture-font.c" />
    <ClCompile Include="src\libGL\freetype-gl\utf8-utils.c" />
    <ClCompile Include="src\libGL\freetype-gl\vector.c" />
    <ClCompile Include="src\libGL\freetype-gl\vertex-attribute.c" />
    <ClCompile Include="src\libGL\freetype-gl\vertex-buffer.c" />
    <ClCompile Include="src\libGL\glad\glad.cpp" />
    <ClCompile Include="src\libGL\gl_window.cpp" />
    <ClCompile Include="src\opengl\gl_opengl.cpp" />
    <ClCompile Include="src\opengl\gl_openGLWrap.cpp" />
    <ClCompile Include="src\physfs\physfs.c" />
    <ClCompile Include="src\physfs\physfs_archiver_7z.c" />
    <ClCompile Include="src\physfs\physfs_archiver_dir.c" />
    <ClCompile Include="src\physfs\physfs_archiver_grp.c" />
    <ClCompile Include="src\physfs\physfs_archiver_hog.c" />
    <ClCompile Include="src\physfs\physfs_archiver_iso9660.c" />
    <ClCompile Include="src\physfs\physfs_archiver_mvl.c" />
    <ClCompile Include="src\physfs\physfs_archiver_qpak.c" />
    <ClCompile Include="src\physfs\physfs_archiver_slb.c" />
    <ClCompile Include="src\physfs\physfs_archiver_unpacked.c" />
    <ClCompile Include="src\physfs\physfs_archiver_vdf.c" />
    <ClCompile Include="src\physfs\physfs_archiver_wad.c" />
    <ClCompile Include="src\physfs\physfs_archiver_zip.c" />
    <ClCompile Include="src\physfs\physfs_byteorder.c" />
    <ClCompile Include="src\physfs\physfs_platform_haiku.cpp" />
    <ClCompile Include="src\physfs\physfs_platform_os2.c" />
    <ClCompile Include="src\physfs\physfs_platform_posix.c" />
    <ClCompile Include="src\physfs\physfs_platform_qnx.c" />
    <ClCompile Include="src\physfs\physfs_platform_unix.c" />
    <ClCompile Include="src\physfs\physfs_platform_windows.c" />
    <ClCompile Include="src\physfs\physfs_platform_winrt.cpp" />
    <ClCompile Include="src\physfs\physfs_unicode.c" />
    <ClCompile Include="src\script\as_atomic.cpp" />
    <ClCompile Include="src\script\as_builder.cpp" />
    <ClCompile Include="src\script\as_bytecode.cpp" />
    <ClCompile Include="src\script\as_callfunc.cpp" />
    <ClCompile Include="src\script\as_callfunc_arm.cpp" />
    <ClCompile Include="src\script\as_callfunc_mips.cpp" />
    <ClCompile Include="src\script\as_callfunc_ppc.cpp" />
    <ClCompile Include="src\script\as_callfunc_ppc_64.cpp" />
    <ClCompile Include="src\script\as_callfunc_sh4.cpp" />
    <ClCompile Include="src\script\as_callfunc_x64_gcc.cpp" />
    <ClCompile Include="src\script\as_callfunc_x64_mingw.cpp" />
    <ClCompile Include="src\script\as_callfunc_x64_msvc.cpp" />
    <ClCompile Include="src\script\as_callfunc_x86.cpp" />
    <ClCompile Include="src\script\as_callfunc_xenon.cpp" />
    <ClCompile Include="src\script\as_compiler.cpp" />
    <ClCompile Include="src\script\as_configgroup.cpp" />
    <ClCompile Include="src\script\as_context.cpp" />
    <ClCompile Include="src\script\as_datatype.cpp" />
    <ClCompile Include="src\script\as_gc.cpp" />
    <ClCompile Include="src\script\as_generic.cpp" />
    <ClCompile Include="src\script\as_globalproperty.cpp" />
    <ClCompile Include="src\script\as_memory.cpp" />
    <ClCompile Include="src\script\as_module.cpp" />
    <ClCompile Include="src\script\as_objecttype.cpp" />
    <ClCompile Include="src\script\as_outputbuffer.cpp" />
    <ClCompile Include="src\script\as_parser.cpp" />
    <ClCompile Include="src\script\as_restore.cpp" />
    <ClCompile Include="src\script\as_scriptarray.cpp" />
    <ClCompile Include="src\script\as_scriptbuilder.cpp" />
    <ClCompile Include="src\script\as_scriptcode.cpp" />
    <ClCompile Include="src\script\as_scriptengine.cpp" />
    <ClCompile Include="src\script\as_scriptfunction.cpp" />
    <ClCompile Include="src\script\as_scriptnode.cpp" />
    <ClCompile Include="src\script\as_scriptobject.cpp" />
    <ClCompile Include="src\script\as_string.cpp" />
    <ClCompile Include="src\script\as_string_util.cpp" />
    <ClCompile Include="src\script\as_thread.cpp" />
    <ClCompile Include="src\script\as_tokenizer.cpp" />
    <ClCompile Include="src\script\as_typeinfo.cpp" />
    <ClCompile Include="src\script\as_variablescope.cpp" />
    <ClCompile Include="src\script\scriptstdstring.cpp" />
    <ClCompile Include="src\script\scriptstdstring_utils.cpp" />
    <ClCompile Include="src\system\sys_audio.cpp" />
    <ClCompile Include="src\system\sys_embedFont.cpp" />
    <ClCompile Include="src\system\sys_events.cpp" />
    <ClCompile Include="src\system\sys_main.cpp" />
    <ClCompile Include="src\system\sys_shutdown.cpp" />
    <ClCompile Include="src\system\sys_startup.cpp" />
    <ClCompile Include="src\system\sys_timing.cpp" />
    <ClCompile Include="src\io\io_textures.cpp" />
    <ClCompile Include="src\libGL\soil\image_DXT.c" />
    <ClCompile Include="src\libGL\soil\image_helper.c" />
    <ClCompile Include="src\libGL\soil\soil.c" />
    <ClCompile Include="src\libGL\soil\stb_image_aug.c" />
    <ClCompile Include="src\opengl\gl_shaders.cpp" />
    <ClCompile Include="src\system\sys_leakDetector.cpp" />
    <ClCompile Include="src\game\gam_doors.cpp" />
    <ClCompile Include="src\game\gam_droidAIPatrol.cpp" />
    <ClCompile Include="src\game\gam_droidNetwork.cpp" />
    <ClCompile Include="src\game\gam_droids.cpp" />
    <ClCompile Include="src\game\gam_events.cpp" />
    <ClCompile Include="src\game\gam_eventsClient.cpp" />
    <ClCompile Include="src\game\gam_eventsServer.cpp" />
    <ClCompile Include="src\game\gam_game.cpp" />
    <ClCompile Include="src\game\gam_healing.cpp" />
    <ClCompile Include="src\game\gam_hud.cpp" />
    <ClCompile Include="src\game\gam_levels.cpp" />
    <ClCompile Include="src\game\gam_lifts.cpp" />
    <ClCompile Include="src\game\gam_lightCaster.cpp" />
    <ClCompile Include="src\game\gam_physics.cpp" />
    <ClCompile Include="src\game\gam_physicsCollisions.cpp" />
    <ClCompile Include="src\game\gam_physicsPlayer.cpp" />
    <ClCompile Include="src\game\gam_player.cpp" />
    <ClCompile Include="src\game\gam_render.cpp" />
    <ClCompile Include="src\game\gam_renderDebug.cpp" />
    <ClCompile Include="src\gui\gui_button.cpp" />
    <ClCompile Include="src\gui\gui_checkBox.cpp" />
    <ClCompile Include="src\gui\gui_label.cpp" />
    <ClCompile Include="src\gui\gui_language.cpp" />
    <ClCompile Include="src\gui\gui_main.cpp" />
    <ClCompile Include="src\gui\gui_render.cpp" />
    <ClCompile Include="src\gui\gui_textBox.cpp" />
    <ClCompile Include="src\gui\SDL_ttf.c" />
    <ClCompile Include="src\io\minilzo\minilzo.c" />
    <ClCompile Include="src\io\simpleIni\io_convertUTF.c" />
    <ClCompile Include="src\io\io_gameprefs.cpp" />
    <ClCompile Include="src\io\io_mouse.cpp" />
    <ClCompile Include="src\libGL\sdl2_gfx\SDL2_framerate.c" />
    <ClCompile Include="src\libGL\sdl2_gfx\SDL2_gfxPrimitives.c" />
    <ClCompile Include="src\libGL\sdl2_gfx\SDL2_imageFilter.c" />
    <ClCompile Include="src\libGL\sdl2_gfx\SDL2_rotozoom.c" />
    <ClCompile Include="src\network\raknet\_FindFirst.cpp" />
    <ClCompile Include="src\network\raknet\Base64Encoder.cpp" />
    <ClCompile Include="src\network\raknet\BitStream.cpp" />
    <ClCompile Include="src\network\raknet\CCRakNetSlidingWindow.cpp" />
    <ClCompile Include="src\network\raknet\CCRakNetUDT.cpp" />
    <ClCompile Include="src\network\raknet\CheckSum.cpp" />
    <ClCompile Include="src\network\raknet\CloudClient.cpp" />
    <ClCompile Include="src\network\raknet\CloudCommon.cpp" />
    <ClCompile Include="src\network\raknet\CloudServer.cpp" />
    <ClCompile Include="src\network\raknet\CommandParserInterface.cpp" />
    <ClCompile Include="src\network\raknet\ConnectionGraph2.cpp" />
    <ClCompile Include="src\network\raknet\ConsoleServer.cpp" />
    <ClCompile Include="src\network\raknet\DataCompressor.cpp" />
    <ClCompile Include="src\network\raknet\DirectoryDeltaTransfer.cpp" />
    <ClCompile Include="src\network\raknet\DR_SHA1.cpp" />
    <ClCompile Include="src\network\raknet\DS_BytePool.cpp" />
    <ClCompile Include="src\network\raknet\DS_ByteQueue.cpp" />
    <ClCompile Include="src\network\raknet\DS_HuffmanEncodingTree.cpp" />
    <ClCompile Include="src\network\raknet\DS_Table.cpp" />
    <ClCompile Include="src\network\raknet\DynDNS.cpp" />
    <ClCompile Include="src\network\raknet\EmailSender.cpp" />
    <ClCompile Include="src\network\raknet\EpochTimeToString.cpp" />
    <ClCompile Include="src\network\raknet\FileList.cpp" />
    <ClCompile Include="src\network\raknet\FileListTransfer.cpp" />
    <ClCompile Include="src\network\raknet\FileOperations.cpp" />
    <ClCompile Include="src\network\raknet\FormatString.cpp" />
    <ClCompile Include="src\network\raknet\FullyConnectedMesh2.cpp" />
    <ClCompile Include="src\network\raknet\Getche.cpp" />
    <ClCompile Include="src\network\raknet\Gets.cpp" />
    <ClCompile Include="src\network\raknet\GetTime.cpp" />
    <ClCompile Include="src\network\raknet\gettimeofday.cpp" />
    <ClCompile Include="src\network\raknet\GridSectorizer.cpp" />
    <ClCompile Include="src\network\raknet\HTTPConnection.cpp" />
    <ClCompile Include="src\network\raknet\HTTPConnection2.cpp" />
    <ClCompile Include="src\network\raknet\IncrementalReadInterface.cpp" />
    <ClCompile Include="src\network\raknet\Itoa.cpp" />
    <ClCompile Include="src\network\raknet\LinuxStrings.cpp" />
    <ClCompile Include="src\network\raknet\LocklessTypes.cpp" />
    <ClCompile Include="src\network\raknet\LogCommandParser.cpp" />
    <ClCompile Include="src\network\raknet\MessageFilter.cpp" />
    <ClCompile Include="src\network\raknet\NatPunchthroughClient.cpp" />
    <ClCompile Include="src\network\raknet\NatPunchthroughServer.cpp" />
    <ClCompile Include="src\network\raknet\NatTypeDetectionClient.cpp" />
    <ClCompile Include="src\network\raknet\NatTypeDetectionCommon.cpp" />
    <ClCompile Include="src\network\raknet\NatTypeDetectionServer.cpp" />
    <ClCompile Include="src\network\raknet\NetworkIDManager.cpp" />
    <ClCompile Include="src\network\raknet\NetworkIDObject.cpp" />
    <ClCompile Include="src\network\raknet\PacketConsoleLogger.cpp" />
    <ClCompile Include="src\network\raknet\PacketFileLogger.cpp" />
    <ClCompile Include="src\network\raknet\PacketizedTCP.cpp" />
    <ClCompile Include="src\network\raknet\PacketLogger.cpp" />
    <ClCompile Include="src\network\raknet\PacketOutputWindowLogger.cpp" />
    <ClCompile Include="src\network\raknet\PluginInterface2.cpp" />
    <ClCompile Include="src\network\raknet\PS4Includes.cpp" />
    <ClCompile Include="src\network\raknet\Rackspace.cpp" />
    <ClCompile Include="src\network\raknet\RakMemoryOverride.cpp" />
    <ClCompile Include="src\network\raknet\RakNetCommandParser.cpp" />
    <ClCompile Include="src\network\raknet\RakNetSocket.cpp" />
    <ClCompile Include="src\network\raknet\RakNetSocket2.cpp" />
    <ClCompile Include="src\network\raknet\RakNetSocket2_360_720.cpp" />
    <ClCompile Include="src\network\raknet\RakNetSocket2_Berkley.cpp" />
    <ClCompile Include="src\network\raknet\RakNetSocket2_Berkley_NativeClient.cpp" />
    <ClCompile Include="src\network\raknet\RakNetSocket2_NativeClient.cpp" />
    <ClCompile Include="src\network\raknet\RakNetSocket2_PS3_PS4.cpp" />
    <ClCompile Include="src\network\raknet\RakNetSocket2_PS4.cpp" />
    <ClCompile Include="src\network\raknet\RakNetSocket2_Vita.cpp" />
    <ClCompile Include="src\network\raknet\RakNetSocket2_Windows_Linux.cpp" />
    <ClCompile Include="src\network\raknet\RakNetSocket2_Windows_Linux_360.cpp" />
    <ClCompile Include="src\network\raknet\RakNetSocket2_WindowsStore8.cpp" />
    <ClCompile Include="src\network\raknet\RakNetStatistics.cpp" />
    <ClCompile Include="src\network\raknet\RakNetTransport2.cpp" />
    <ClCompile Include="src\network\raknet\RakNetTypes.cpp" />
    <ClCompile Include="src\network\raknet\RakPeer.cpp" />
    <ClCompile Include="src\network\raknet\RakSleep.cpp" />
    <ClCompile Include="src\network\raknet\RakString.cpp" />
    <ClCompile Include="src\network\raknet\RakThread.cpp" />
    <ClCompile Include="src\network\raknet\RakWString.cpp" />
    <ClCompile Include="src\network\raknet\Rand.cpp" />
    <ClCompile Include="src\network\raknet\RandSync.cpp" />
    <ClCompile Include="src\network\raknet\ReadyEvent.cpp" />
    <ClCompile Include="src\network\raknet\RelayPlugin.cpp" />
    <ClCompile Include="src\network\raknet\ReliabilityLayer.cpp" />
    <ClCompile Include="src\network\raknet\ReplicaManager3.cpp" />
    <ClCompile Include="src\network\raknet\Router2.cpp" />
    <ClCompile Include="src\network\raknet\RPC4Plugin.cpp" />
    <ClCompile Include="src\network\raknet\SecureHandshake.cpp" />
    <ClCompile Include="src\network\raknet\SendToThread.cpp" />
    <ClCompile Include="src\network\raknet\SignaledEvent.cpp" />
    <ClCompile Include="src\network\raknet\SimpleMutex.cpp" />
    <ClCompile Include="src\network\raknet\SocketLayer.cpp" />
    <ClCompile Include="src\network\raknet\StatisticsHistory.cpp" />
    <ClCompile Include="src\network\raknet\StringCompressor.cpp" />
    <ClCompile Include="src\network\raknet\StringTable.cpp" />
    <ClCompile Include="src\network\raknet\SuperFastHash.cpp" />
    <ClCompile Include="src\network\raknet\TableSerializer.cpp" />
    <ClCompile Include="src\network\raknet\TCPInterface.cpp" />
    <ClCompile Include="src\network\raknet\TeamBalancer.cpp" />
    <ClCompile Include="src\network\raknet\TeamManager.cpp" />
    <ClCompile Include="src\network\raknet\TelnetTransport.cpp" />
    <ClCompile Include="src\network\raknet\ThreadsafePacketLogger.cpp" />
    <ClCompile Include="src\network\raknet\TwoWayAuthentication.cpp" />
    <ClCompile Include="src\network\raknet\UDPForwarder.cpp" />
    <ClCompile Include="src\network\raknet\UDPProxyClient.cpp" />
    <ClCompile Include="src\network\raknet\UDPProxyCoordinator.cpp" />
    <ClCompile Include="src\network\raknet\UDPProxyServer.cpp" />
    <ClCompile Include="src\network\raknet\VariableDeltaSerializer.cpp" />
    <ClCompile Include="src\network\raknet\VariableListDeltaTracker.cpp" />
    <ClCompile Include="src\network\raknet\VariadicSQLParser.cpp" />
    <ClCompile Include="src\network\raknet\VitaIncludes.cpp" />
    <ClCompile Include="src\network\raknet\WSAStartupSingleton.cpp" />
    <ClCompile Include="src\network\net_client.cpp" />
    <ClCompile Include="src\network\net_common.cpp" />
    <ClCompile Include="src\network\net_server.cpp" />
    <ClCompile Include="src\opengl\gl_fbo.cpp" />
    <ClCompile Include="src\opengl\gl_renderSprite.cpp" />
    <ClCompile Include="src\system\sys_maths.cpp" />
    <ClCompile Include="src\system\sys_sdfFont.cpp" />
    <ClCompile Include="src\system\sys_utils.cpp" />
  </ItemGroup>
</Project>